
Microsoft Visual Studio Solution File, Format Version 12.00
# Visual Studio Version 17
VisualStudioVersion = 17.6.33829.357
MinimumVisualStudioVersion = 10.0.40219.1
Project("{9A19103F-16F7-4668-BE54-9A1E7A4F7556}") = "BaseLmPlugin", "BaseLmPlugin.csproj", "{6754B84F-4D3D-49A2-A35A-B8052034FB52}"
EndProject
Project("{9A19103F-16F7-4668-BE54-9A1E7A4F7556}") = "Win32API", "..\..\..\..\Win32API\Win32API.csproj", "{601441B5-79F9-4220-BC1A-568FC5E5DAB4}"
EndProject
Project("{9A19103F-16F7-4668-BE54-9A1E7A4F7556}") = "DataInterfaces", "..\..\..\DataInterfaces\DataInterfaces\DataInterfaces.csproj", "{D1699CD0-EC5D-4BAC-AF4E-A145E417733B}"
EndProject
Project("{9A19103F-16F7-4668-BE54-9A1E7A4F7556}") = "Gizmo.Shell", "..\..\..\Gizmo.Shell\Gizmo.Shell\Gizmo.Shell.csproj", "{0E4CF1B7-651C-46D7-A3AB-7EA2B386C96F}"
EndProject
Project("{9A19103F-16F7-4668-BE54-9A1E7A4F7556}") = "CoreLib", "..\..\..\..\CoreLib\CoreLib\CoreLib.csproj", "{D4690792-0179-4184-A55A-7DEF8A781DC1}"
EndProject
Project("{9A19103F-16F7-4668-BE54-9A1E7A4F7556}") = "Gizmo.Shared", "..\..\..\Gizmo.Shared\Gizmo.Shared.csproj", "{9AC05F73-4C7B-4352-859C-99A850C31110}"
EndProject
Global
	GlobalSection(SolutionConfigurationPlatforms) = preSolution
		Debug|Any CPU = Debug|Any CPU
		Debug|x64 = Debug|x64
		NET_5_WIN_DEBUG|Any CPU = NET_5_WIN_DEBUG|Any CPU
		NET_5_WIN_DEBUG|x64 = NET_5_WIN_DEBUG|x64
		NET_5_WIN_RELEASE|Any CPU = NET_5_WIN_RELEASE|Any CPU
		NET_5_WIN_RELEASE|x64 = NET_5_WIN_RELEASE|x64
		Release|Any CPU = Release|Any CPU
		Release|x64 = Release|x64
	EndGlobalSection
	GlobalSection(ProjectConfigurationPlatforms) = postSolution
		{6754B84F-4D3D-49A2-A35A-B8052034FB52}.Debug|Any CPU.ActiveCfg = Debug|Any CPU
		{6754B84F-4D3D-49A2-A35A-B8052034FB52}.Debug|Any CPU.Build.0 = Debug|Any CPU
		{6754B84F-4D3D-49A2-A35A-B8052034FB52}.Debug|x64.ActiveCfg = Debug|Any CPU
		{6754B84F-4D3D-49A2-A35A-B8052034FB52}.Debug|x64.Build.0 = Debug|Any CPU
		{6754B84F-4D3D-49A2-A35A-B8052034FB52}.NET_5_WIN_DEBUG|Any CPU.ActiveCfg = NET_5_WIN_DEBUG|Any CPU
		{6754B84F-4D3D-49A2-A35A-B8052034FB52}.NET_5_WIN_DEBUG|Any CPU.Build.0 = NET_5_WIN_DEBUG|Any CPU
		{6754B84F-4D3D-49A2-A35A-B8052034FB52}.NET_5_WIN_DEBUG|x64.ActiveCfg = NET_5_DEBUG|Any CPU
		{6754B84F-4D3D-49A2-A35A-B8052034FB52}.NET_5_WIN_DEBUG|x64.Build.0 = NET_5_DEBUG|Any CPU
		{6754B84F-4D3D-49A2-A35A-B8052034FB52}.NET_5_WIN_RELEASE|Any CPU.ActiveCfg = NET_5_WIN_RELEASE|Any CPU
		{6754B84F-4D3D-49A2-A35A-B8052034FB52}.NET_5_WIN_RELEASE|Any CPU.Build.0 = NET_5_WIN_RELEASE|Any CPU
		{6754B84F-4D3D-49A2-A35A-B8052034FB52}.NET_5_WIN_RELEASE|x64.ActiveCfg = NET_5_DEBUG|Any CPU
		{6754B84F-4D3D-49A2-A35A-B8052034FB52}.NET_5_WIN_RELEASE|x64.Build.0 = NET_5_DEBUG|Any CPU
		{6754B84F-4D3D-49A2-A35A-B8052034FB52}.Release|Any CPU.ActiveCfg = Release|Any CPU
		{6754B84F-4D3D-49A2-A35A-B8052034FB52}.Release|Any CPU.Build.0 = Release|Any CPU
		{6754B84F-4D3D-49A2-A35A-B8052034FB52}.Release|x64.ActiveCfg = Release|Any CPU
		{6754B84F-4D3D-49A2-A35A-B8052034FB52}.Release|x64.Build.0 = Release|Any CPU
		{601441B5-79F9-4220-BC1A-568FC5E5DAB4}.Debug|Any CPU.ActiveCfg = Debug|Any CPU
		{601441B5-79F9-4220-BC1A-568FC5E5DAB4}.Debug|Any CPU.Build.0 = Debug|Any CPU
		{601441B5-79F9-4220-BC1A-568FC5E5DAB4}.Debug|x64.ActiveCfg = Debug|Any CPU
		{601441B5-79F9-4220-BC1A-568FC5E5DAB4}.Debug|x64.Build.0 = Debug|Any CPU
		{601441B5-79F9-4220-BC1A-568FC5E5DAB4}.NET_5_WIN_DEBUG|Any CPU.ActiveCfg = NET_5_DEBUG|Any CPU
		{601441B5-79F9-4220-BC1A-568FC5E5DAB4}.NET_5_WIN_DEBUG|Any CPU.Build.0 = NET_5_DEBUG|Any CPU
		{601441B5-79F9-4220-BC1A-568FC5E5DAB4}.NET_5_WIN_DEBUG|x64.ActiveCfg = NET_5_DEBUG|Any CPU
		{601441B5-79F9-4220-BC1A-568FC5E5DAB4}.NET_5_WIN_DEBUG|x64.Build.0 = NET_5_DEBUG|Any CPU
		{601441B5-79F9-4220-BC1A-568FC5E5DAB4}.NET_5_WIN_RELEASE|Any CPU.ActiveCfg = NET_5_RELEASE|Any CPU
		{601441B5-79F9-4220-BC1A-568FC5E5DAB4}.NET_5_WIN_RELEASE|Any CPU.Build.0 = NET_5_RELEASE|Any CPU
		{601441B5-79F9-4220-BC1A-568FC5E5DAB4}.NET_5_WIN_RELEASE|x64.ActiveCfg = NET_5_DEBUG|Any CPU
		{601441B5-79F9-4220-BC1A-568FC5E5DAB4}.NET_5_WIN_RELEASE|x64.Build.0 = NET_5_DEBUG|Any CPU
		{601441B5-79F9-4220-BC1A-568FC5E5DAB4}.Release|Any CPU.ActiveCfg = Release|Any CPU
		{601441B5-79F9-4220-BC1A-568FC5E5DAB4}.Release|Any CPU.Build.0 = Release|Any CPU
		{601441B5-79F9-4220-BC1A-568FC5E5DAB4}.Release|x64.ActiveCfg = Release|Any CPU
		{601441B5-79F9-4220-BC1A-568FC5E5DAB4}.Release|x64.Build.0 = Release|Any CPU
		{D1699CD0-EC5D-4BAC-AF4E-A145E417733B}.Debug|Any CPU.ActiveCfg = Debug|Any CPU
		{D1699CD0-EC5D-4BAC-AF4E-A145E417733B}.Debug|Any CPU.Build.0 = Debug|Any CPU
		{D1699CD0-EC5D-4BAC-AF4E-A145E417733B}.Debug|x64.ActiveCfg = Debug|Any CPU
		{D1699CD0-EC5D-4BAC-AF4E-A145E417733B}.Debug|x64.Build.0 = Debug|Any CPU
		{D1699CD0-EC5D-4BAC-AF4E-A145E417733B}.NET_5_WIN_DEBUG|Any CPU.ActiveCfg = NET_5_WIN_DEBUG|Any CPU
		{D1699CD0-EC5D-4BAC-AF4E-A145E417733B}.NET_5_WIN_DEBUG|Any CPU.Build.0 = NET_5_WIN_DEBUG|Any CPU
		{D1699CD0-EC5D-4BAC-AF4E-A145E417733B}.NET_5_WIN_DEBUG|x64.ActiveCfg = NET_5_WIN_DEBUG|Any CPU
		{D1699CD0-EC5D-4BAC-AF4E-A145E417733B}.NET_5_WIN_DEBUG|x64.Build.0 = NET_5_WIN_DEBUG|Any CPU
		{D1699CD0-EC5D-4BAC-AF4E-A145E417733B}.NET_5_WIN_RELEASE|Any CPU.ActiveCfg = NET_5_WIN_RELEASE|Any CPU
		{D1699CD0-EC5D-4BAC-AF4E-A145E417733B}.NET_5_WIN_RELEASE|Any CPU.Build.0 = NET_5_WIN_RELEASE|Any CPU
		{D1699CD0-EC5D-4BAC-AF4E-A145E417733B}.NET_5_WIN_RELEASE|x64.ActiveCfg = NET_5_WIN_RELEASE|Any CPU
		{D1699CD0-EC5D-4BAC-AF4E-A145E417733B}.NET_5_WIN_RELEASE|x64.Build.0 = NET_5_WIN_RELEASE|Any CPU
		{D1699CD0-EC5D-4BAC-AF4E-A145E417733B}.Release|Any CPU.ActiveCfg = Release|Any CPU
		{D1699CD0-EC5D-4BAC-AF4E-A145E417733B}.Release|Any CPU.Build.0 = Release|Any CPU
		{D1699CD0-EC5D-4BAC-AF4E-A145E417733B}.Release|x64.ActiveCfg = Release|Any CPU
		{D1699CD0-EC5D-4BAC-AF4E-A145E417733B}.Release|x64.Build.0 = Release|Any CPU
		{0E4CF1B7-651C-46D7-A3AB-7EA2B386C96F}.Debug|Any CPU.ActiveCfg = Debug|Any CPU
		{0E4CF1B7-651C-46D7-A3AB-7EA2B386C96F}.Debug|Any CPU.Build.0 = Debug|Any CPU
		{0E4CF1B7-651C-46D7-A3AB-7EA2B386C96F}.Debug|x64.ActiveCfg = Debug|Any CPU
		{0E4CF1B7-651C-46D7-A3AB-7EA2B386C96F}.Debug|x64.Build.0 = Debug|Any CPU
		{0E4CF1B7-651C-46D7-A3AB-7EA2B386C96F}.NET_5_WIN_DEBUG|Any CPU.ActiveCfg = NET_5_WIN_DEBUG|Any CPU
		{0E4CF1B7-651C-46D7-A3AB-7EA2B386C96F}.NET_5_WIN_DEBUG|Any CPU.Build.0 = NET_5_WIN_DEBUG|Any CPU
		{0E4CF1B7-651C-46D7-A3AB-7EA2B386C96F}.NET_5_WIN_DEBUG|x64.ActiveCfg = NET_5_DEBUG|Any CPU
		{0E4CF1B7-651C-46D7-A3AB-7EA2B386C96F}.NET_5_WIN_DEBUG|x64.Build.0 = NET_5_DEBUG|Any CPU
		{0E4CF1B7-651C-46D7-A3AB-7EA2B386C96F}.NET_5_WIN_RELEASE|Any CPU.ActiveCfg = NET_5_WIN_RELEASE|Any CPU
		{0E4CF1B7-651C-46D7-A3AB-7EA2B386C96F}.NET_5_WIN_RELEASE|Any CPU.Build.0 = NET_5_WIN_RELEASE|Any CPU
		{0E4CF1B7-651C-46D7-A3AB-7EA2B386C96F}.NET_5_WIN_RELEASE|x64.ActiveCfg = NET_5_DEBUG|Any CPU
		{0E4CF1B7-651C-46D7-A3AB-7EA2B386C96F}.NET_5_WIN_RELEASE|x64.Build.0 = NET_5_DEBUG|Any CPU
		{0E4CF1B7-651C-46D7-A3AB-7EA2B386C96F}.Release|Any CPU.ActiveCfg = Release|Any CPU
		{0E4CF1B7-651C-46D7-A3AB-7EA2B386C96F}.Release|Any CPU.Build.0 = Release|Any CPU
		{0E4CF1B7-651C-46D7-A3AB-7EA2B386C96F}.Release|x64.ActiveCfg = Release|Any CPU
		{0E4CF1B7-651C-46D7-A3AB-7EA2B386C96F}.Release|x64.Build.0 = Release|Any CPU
		{D4690792-0179-4184-A55A-7DEF8A781DC1}.Debug|Any CPU.ActiveCfg = Debug|Any CPU
		{D4690792-0179-4184-A55A-7DEF8A781DC1}.Debug|Any CPU.Build.0 = Debug|Any CPU
		{D4690792-0179-4184-A55A-7DEF8A781DC1}.Debug|x64.ActiveCfg = Debug|Any CPU
		{D4690792-0179-4184-A55A-7DEF8A781DC1}.Debug|x64.Build.0 = Debug|Any CPU
		{D4690792-0179-4184-A55A-7DEF8A781DC1}.NET_5_WIN_DEBUG|Any CPU.ActiveCfg = NET_5_WIN_DEBUG|Any CPU
		{D4690792-0179-4184-A55A-7DEF8A781DC1}.NET_5_WIN_DEBUG|Any CPU.Build.0 = NET_5_WIN_DEBUG|Any CPU
		{D4690792-0179-4184-A55A-7DEF8A781DC1}.NET_5_WIN_DEBUG|x64.ActiveCfg = NET_5_DEBUG|Any CPU
		{D4690792-0179-4184-A55A-7DEF8A781DC1}.NET_5_WIN_DEBUG|x64.Build.0 = NET_5_DEBUG|Any CPU
		{D4690792-0179-4184-A55A-7DEF8A781DC1}.NET_5_WIN_RELEASE|Any CPU.ActiveCfg = NET_5_WIN_RELEASE|Any CPU
		{D4690792-0179-4184-A55A-7DEF8A781DC1}.NET_5_WIN_RELEASE|Any CPU.Build.0 = NET_5_WIN_RELEASE|Any CPU
		{D4690792-0179-4184-A55A-7DEF8A781DC1}.NET_5_WIN_RELEASE|x64.ActiveCfg = NET_5_DEBUG|Any CPU
		{D4690792-0179-4184-A55A-7DEF8A781DC1}.NET_5_WIN_RELEASE|x64.Build.0 = NET_5_DEBUG|Any CPU
		{D4690792-0179-4184-A55A-7DEF8A781DC1}.Release|Any CPU.ActiveCfg = Release|Any CPU
		{D4690792-0179-4184-A55A-7DEF8A781DC1}.Release|Any CPU.Build.0 = Release|Any CPU
		{D4690792-0179-4184-A55A-7DEF8A781DC1}.Release|x64.ActiveCfg = Release|Any CPU
		{D4690792-0179-4184-A55A-7DEF8A781DC1}.Release|x64.Build.0 = Release|Any CPU
		{9AC05F73-4C7B-4352-859C-99A850C31110}.Debug|Any CPU.ActiveCfg = Debug|Any CPU
		{9AC05F73-4C7B-4352-859C-99A850C31110}.Debug|Any CPU.Build.0 = Debug|Any CPU
		{9AC05F73-4C7B-4352-859C-99A850C31110}.Debug|x64.ActiveCfg = Debug|Any CPU
		{9AC05F73-4C7B-4352-859C-99A850C31110}.Debug|x64.Build.0 = Debug|Any CPU
		{9AC05F73-4C7B-4352-859C-99A850C31110}.NET_5_WIN_DEBUG|Any CPU.ActiveCfg = Debug|Any CPU
		{9AC05F73-4C7B-4352-859C-99A850C31110}.NET_5_WIN_DEBUG|Any CPU.Build.0 = Debug|Any CPU
		{9AC05F73-4C7B-4352-859C-99A850C31110}.NET_5_WIN_DEBUG|x64.ActiveCfg = Debug|Any CPU
		{9AC05F73-4C7B-4352-859C-99A850C31110}.NET_5_WIN_DEBUG|x64.Build.0 = Debug|Any CPU
		{9AC05F73-4C7B-4352-859C-99A850C31110}.NET_5_WIN_RELEASE|Any CPU.ActiveCfg = Debug|Any CPU
		{9AC05F73-4C7B-4352-859C-99A850C31110}.NET_5_WIN_RELEASE|Any CPU.Build.0 = Debug|Any CPU
		{9AC05F73-4C7B-4352-859C-99A850C31110}.NET_5_WIN_RELEASE|x64.ActiveCfg = Debug|Any CPU
		{9AC05F73-4C7B-4352-859C-99A850C31110}.NET_5_WIN_RELEASE|x64.Build.0 = Debug|Any CPU
		{9AC05F73-4C7B-4352-859C-99A850C31110}.Release|Any CPU.ActiveCfg = Release|Any CPU
		{9AC05F73-4C7B-4352-859C-99A850C31110}.Release|Any CPU.Build.0 = Release|Any CPU
		{9AC05F73-4C7B-4352-859C-99A850C31110}.Release|x64.ActiveCfg = Release|Any CPU
		{9AC05F73-4C7B-4352-859C-99A850C31110}.Release|x64.Build.0 = Release|Any CPU
	EndGlobalSection
	GlobalSection(SolutionProperties) = preSolution
		HideSolutionNode = FALSE
	EndGlobalSection
	GlobalSection(ExtensibilityGlobals) = postSolution
		SolutionGuid = {857F6237-9AE8-4EB9-8159-54EC63F2617C}
	EndGlobalSection
EndGlobal
